
Microsoft Visual Studio Solution File, Format Version 12.00
# Visual Studio 15
VisualStudioVersion = 15.0.27004.2005
MinimumVisualStudioVersion = 10.0.40219.1
Project("{8BC9CEB8-8B4A-11D0-8D11-00A0C91BC942}") = "9", "9\9.vcxproj", "{44729B2F-850F-41E6-9A78-7EE8E4E3AA9A}"
EndProject
Global
	GlobalSection(SolutionConfigurationPlatforms) = preSolution
		Debug|x64 = Debug|x64
		Debug|x86 = Debug|x86
		Release|x64 = Release|x64
		Release|x86 = Release|x86
	EndGlobalSection
	GlobalSection(ProjectConfigurationPlatforms) = postSolution
		{44729B2F-850F-41E6-9A78-7EE8E4E3AA9A}.Debug|x64.ActiveCfg = Debug|x64
		{44729B2F-850F-41E6-9A78-7EE8E4E3AA9A}.Debug|x64.Build.0 = Debug|x64
		{44729B2F-850F-41E6-9A78-7EE8E4E3AA9A}.Debug|x86.ActiveCfg = Debug|Win32
		{44729B2F-850F-41E6-9A78-7EE8E4E3AA9A}.Debug|x86.Build.0 = Debug|Win32
		{44729B2F-850F-41E6-9A78-7EE8E4E3AA9A}.Release|x64.ActiveCfg = Release|x64
		{44729B2F-850F-41E6-9A78-7EE8E4E3AA9A}.Release|x64.Build.0 = Release|x64
		{44729B2F-850F-41E6-9A78-7EE8E4E3AA9A}.Release|x86.ActiveCfg = Release|Win32
		{44729B2F-850F-41E6-9A78-7EE8E4E3AA9A}.Release|x86.Build.0 = Release|Win32
	EndGlobalSection
	GlobalSection(SolutionProperties) = preSolution
		HideSolutionNode = FALSE
	EndGlobalSection
	GlobalSection(ExtensibilityGlobals) = postSolution
		SolutionGuid = {ABE19205-B10C-4B4D-BC3B-4ADBF8533E95}
	EndGlobalSection
EndGlobal
